
Microsoft Visual Studio Solution File, Format Version 12.00
# Visual Studio Version 16
VisualStudioVersion = 16.0.31729.503
MinimumVisualStudioVersion = 10.0.40219.1
Project("{FAE04EC0-301F-11D3-BF4B-00C04F79EFBC}") = "FEGProject.API", "FEGProject.API\FEGProject.API.csproj", "{86AA112F-CFEF-46B1-B298-67EB0A7E7F48}"
EndProject
Global
	GlobalSection(SolutionConfigurationPlatforms) = preSolution
		Debug|Any CPU = Debug|Any CPU
		Release|Any CPU = Release|Any CPU
	EndGlobalSection
	GlobalSection(ProjectConfigurationPlatforms) = postSolution
		{86AA112F-CFEF-46B1-B298-67EB0A7E7F48}.Debug|Any CPU.ActiveCfg = Debug|Any CPU
		{86AA112F-CFEF-46B1-B298-67EB0A7E7F48}.Debug|Any CPU.Build.0 = Debug|Any CPU
		{86AA112F-CFEF-46B1-B298-67EB0A7E7F48}.Release|Any CPU.ActiveCfg = Release|Any CPU
		{86AA112F-CFEF-46B1-B298-67EB0A7E7F48}.Release|Any CPU.Build.0 = Release|Any CPU
	EndGlobalSection
	GlobalSection(SolutionProperties) = preSolution
		HideSolutionNode = FALSE
	EndGlobalSection
	GlobalSection(ExtensibilityGlobals) = postSolution
		SolutionGuid = {BB23E4CA-6C8C-4313-8397-CC9D54255090}
	EndGlobalSection
EndGlobal
